
Microsoft Visual Studio Solution File, Format Version 12.00
# Visual Studio 15
VisualStudioVersion = 15.0.26124.0
MinimumVisualStudioVersion = 15.0.26124.0
Project("{FAE04EC0-301F-11D3-BF4B-00C04F79EFBC}") = "ProductCatalogApi", "src\Services\ProductCatalogApi\ProductCatalogApi.csproj", "{133CCE22-B8D5-494B-BB20-43836690490B}"
EndProject
Project("{2150E333-8FDC-42A3-9474-1A3956D46DE8}") = "src", "src", "{AF15CE87-0C96-4144-850E-881467A037BA}"
EndProject
Project("{2150E333-8FDC-42A3-9474-1A3956D46DE8}") = "Services", "Services", "{8F9B1E5B-199F-44A9-96E2-DCF697D19D23}"
EndProject
Global
	GlobalSection(SolutionConfigurationPlatforms) = preSolution
		Debug|Any CPU = Debug|Any CPU
		Debug|x64 = Debug|x64
		Debug|x86 = Debug|x86
		Release|Any CPU = Release|Any CPU
		Release|x64 = Release|x64
		Release|x86 = Release|x86
	EndGlobalSection
	GlobalSection(SolutionProperties) = preSolution
		HideSolutionNode = FALSE
	EndGlobalSection
	GlobalSection(ProjectConfigurationPlatforms) = postSolution
		{133CCE22-B8D5-494B-BB20-43836690490B}.Debug|Any CPU.ActiveCfg = Debug|Any CPU
		{133CCE22-B8D5-494B-BB20-43836690490B}.Debug|Any CPU.Build.0 = Debug|Any CPU
		{133CCE22-B8D5-494B-BB20-43836690490B}.Debug|x64.ActiveCfg = Debug|Any CPU
		{133CCE22-B8D5-494B-BB20-43836690490B}.Debug|x64.Build.0 = Debug|Any CPU
		{133CCE22-B8D5-494B-BB20-43836690490B}.Debug|x86.ActiveCfg = Debug|Any CPU
		{133CCE22-B8D5-494B-BB20-43836690490B}.Debug|x86.Build.0 = Debug|Any CPU
		{133CCE22-B8D5-494B-BB20-43836690490B}.Release|Any CPU.ActiveCfg = Release|Any CPU
		{133CCE22-B8D5-494B-BB20-43836690490B}.Release|Any CPU.Build.0 = Release|Any CPU
		{133CCE22-B8D5-494B-BB20-43836690490B}.Release|x64.ActiveCfg = Release|Any CPU
		{133CCE22-B8D5-494B-BB20-43836690490B}.Release|x64.Build.0 = Release|Any CPU
		{133CCE22-B8D5-494B-BB20-43836690490B}.Release|x86.ActiveCfg = Release|Any CPU
		{133CCE22-B8D5-494B-BB20-43836690490B}.Release|x86.Build.0 = Release|Any CPU
	EndGlobalSection
	GlobalSection(NestedProjects) = preSolution
		{133CCE22-B8D5-494B-BB20-43836690490B} = {8F9B1E5B-199F-44A9-96E2-DCF697D19D23}
		{8F9B1E5B-199F-44A9-96E2-DCF697D19D23} = {AF15CE87-0C96-4144-850E-881467A037BA}
	EndGlobalSection
EndGlobal
